
Microsoft Visual Studio Solution File, Format Version 12.00
# Visual Studio 2012
Project("{FAE04EC0-301F-11D3-BF4B-00C04F79EFBC}") = "01.NodePicture", "01.NodePicture\01.NodePicture.csproj", "{1FCA3CC4-F0D9-4FAE-8223-07B87767CD55}"
EndProject
Project("{FAE04EC0-301F-11D3-BF4B-00C04F79EFBC}") = "02.Win8Screen", "02.Win8Screen\02.Win8Screen.csproj", "{83BA4274-AFE8-427E-8BEB-D734F95CC4D9}"
EndProject
Project("{FAE04EC0-301F-11D3-BF4B-00C04F79EFBC}") = "03.NodePictureUsingDOM API", "03.NodePictureUsingDOM API\03.NodePictureUsingDOM API.csproj", "{9F2E8F90-0E74-4993-9C07-EE13C64345D2}"
EndProject
Global
	GlobalSection(SolutionConfigurationPlatforms) = preSolution
		Debug|Any CPU = Debug|Any CPU
		Release|Any CPU = Release|Any CPU
	EndGlobalSection
	GlobalSection(ProjectConfigurationPlatforms) = postSolution
		{1FCA3CC4-F0D9-4FAE-8223-07B87767CD55}.Debug|Any CPU.ActiveCfg = Debug|Any CPU
		{1FCA3CC4-F0D9-4FAE-8223-07B87767CD55}.Debug|Any CPU.Build.0 = Debug|Any CPU
		{1FCA3CC4-F0D9-4FAE-8223-07B87767CD55}.Release|Any CPU.ActiveCfg = Release|Any CPU
		{1FCA3CC4-F0D9-4FAE-8223-07B87767CD55}.Release|Any CPU.Build.0 = Release|Any CPU
		{83BA4274-AFE8-427E-8BEB-D734F95CC4D9}.Debug|Any CPU.ActiveCfg = Debug|Any CPU
		{83BA4274-AFE8-427E-8BEB-D734F95CC4D9}.Debug|Any CPU.Build.0 = Debug|Any CPU
		{83BA4274-AFE8-427E-8BEB-D734F95CC4D9}.Release|Any CPU.ActiveCfg = Release|Any CPU
		{83BA4274-AFE8-427E-8BEB-D734F95CC4D9}.Release|Any CPU.Build.0 = Release|Any CPU
		{9F2E8F90-0E74-4993-9C07-EE13C64345D2}.Debug|Any CPU.ActiveCfg = Debug|Any CPU
		{9F2E8F90-0E74-4993-9C07-EE13C64345D2}.Debug|Any CPU.Build.0 = Debug|Any CPU
		{9F2E8F90-0E74-4993-9C07-EE13C64345D2}.Release|Any CPU.ActiveCfg = Release|Any CPU
		{9F2E8F90-0E74-4993-9C07-EE13C64345D2}.Release|Any CPU.Build.0 = Release|Any CPU
	EndGlobalSection
	GlobalSection(SolutionProperties) = preSolution
		HideSolutionNode = FALSE
	EndGlobalSection
EndGlobal
